
Microsoft Visual Studio Solution File, Format Version 12.00
# Visual Studio Version 16
VisualStudioVersion = 16.0.30320.27
MinimumVisualStudioVersion = 10.0.40219.1
Project("{FAE04EC0-301F-11D3-BF4B-00C04F79EFBC}") = "CompileScssOnBuild", "CompileScssOnBuild\CompileScssOnBuild.csproj", "{7B5762FB-A126-48EF-85A8-069C39F7A5DF}"
EndProject
Global
	GlobalSection(SolutionConfigurationPlatforms) = preSolution
		Debug|Any CPU = Debug|Any CPU
		Release|Any CPU = Release|Any CPU
	EndGlobalSection
	GlobalSection(ProjectConfigurationPlatforms) = postSolution
		{7B5762FB-A126-48EF-85A8-069C39F7A5DF}.Debug|Any CPU.ActiveCfg = Debug|Any CPU
		{7B5762FB-A126-48EF-85A8-069C39F7A5DF}.Debug|Any CPU.Build.0 = Debug|Any CPU
		{7B5762FB-A126-48EF-85A8-069C39F7A5DF}.Release|Any CPU.ActiveCfg = Release|Any CPU
		{7B5762FB-A126-48EF-85A8-069C39F7A5DF}.Release|Any CPU.Build.0 = Release|Any CPU
	EndGlobalSection
	GlobalSection(SolutionProperties) = preSolution
		HideSolutionNode = FALSE
	EndGlobalSection
	GlobalSection(ExtensibilityGlobals) = postSolution
		SolutionGuid = {B3844BFB-AA42-4098-8560-4EAECC7946B3}
	EndGlobalSection
EndGlobal
